
Microsoft Visual Studio Solution File, Format Version 12.00
# Visual Studio 14
VisualStudioVersion = 14.0.25420.1
MinimumVisualStudioVersion = 10.0.40219.1
Project("{2150E333-8FDC-42A3-9474-1A3956D46DE8}") = ".paket", ".paket", "{53FBEBB6-5DF2-4285-832C-11CD0517485A}"
	ProjectSection(SolutionItems) = preProject
		paket.dependencies = paket.dependencies
	EndProjectSection
EndProject
Project("{F2A71F9B-5D33-465A-A702-920D77279786}") = "FSharp.FakeTargets", "src\FSharpFakeTargets\FSharp.FakeTargets.fsproj", "{F8301FBB-8548-40CA-9869-D825FEAD455B}"
EndProject
Global
	GlobalSection(SolutionConfigurationPlatforms) = preSolution
		Debug|Any CPU = Debug|Any CPU
		Release|Any CPU = Release|Any CPU
	EndGlobalSection
	GlobalSection(ProjectConfigurationPlatforms) = postSolution
		{F8301FBB-8548-40CA-9869-D825FEAD455B}.Debug|Any CPU.ActiveCfg = Debug|Any CPU
		{F8301FBB-8548-40CA-9869-D825FEAD455B}.Debug|Any CPU.Build.0 = Debug|Any CPU
		{F8301FBB-8548-40CA-9869-D825FEAD455B}.Release|Any CPU.ActiveCfg = Release|Any CPU
		{F8301FBB-8548-40CA-9869-D825FEAD455B}.Release|Any CPU.Build.0 = Release|Any CPU
	EndGlobalSection
	GlobalSection(SolutionProperties) = preSolution
		HideSolutionNode = FALSE
	EndGlobalSection
EndGlobal
